
Microsoft Visual Studio Solution File, Format Version 12.00
# Visual Studio Version 16
VisualStudioVersion = 16.0.29215.179
MinimumVisualStudioVersion = 10.0.40219.1
Project("{FAE04EC0-301F-11D3-BF4B-00C04F79EFBC}") = "HW2_Ex4", "HW2_Ex4\HW2_Ex4.csproj", "{EBF91396-1372-4DF0-8934-399DE52C434B}"
EndProject
Global
	GlobalSection(SolutionConfigurationPlatforms) = preSolution
		Debug|Any CPU = Debug|Any CPU
		Release|Any CPU = Release|Any CPU
	EndGlobalSection
	GlobalSection(ProjectConfigurationPlatforms) = postSolution
		{EBF91396-1372-4DF0-8934-399DE52C434B}.Debug|Any CPU.ActiveCfg = Debug|Any CPU
		{EBF91396-1372-4DF0-8934-399DE52C434B}.Debug|Any CPU.Build.0 = Debug|Any CPU
		{EBF91396-1372-4DF0-8934-399DE52C434B}.Release|Any CPU.ActiveCfg = Release|Any CPU
		{EBF91396-1372-4DF0-8934-399DE52C434B}.Release|Any CPU.Build.0 = Release|Any CPU
	EndGlobalSection
	GlobalSection(SolutionProperties) = preSolution
		HideSolutionNode = FALSE
	EndGlobalSection
	GlobalSection(ExtensibilityGlobals) = postSolution
		SolutionGuid = {0ECB9D86-CD7A-410D-B729-32C63D88C29F}
	EndGlobalSection
EndGlobal
